
Microsoft Visual Studio Solution File, Format Version 12.00
# Visual Studio Version 16
VisualStudioVersion = 16.0.30907.101
MinimumVisualStudioVersion = 10.0.40219.1
Project("{FAE04EC0-301F-11D3-BF4B-00C04F79EFBC}") = "CineApp.Entities", "CineApp.Entities\CineApp.Entities.csproj", "{4EDADF82-E7B6-472F-8C27-96F97C4752ED}"
EndProject
Project("{FAE04EC0-301F-11D3-BF4B-00C04F79EFBC}") = "CineApp.Business", "CineApp.Business\CineApp.Business.csproj", "{76EC574A-7FF6-4170-ACCF-7CA933B04D4E}"
EndProject
Project("{FAE04EC0-301F-11D3-BF4B-00C04F79EFBC}") = "CineApp.DataAccess", "CineApp.DataAccess\CineApp.DataAccess.csproj", "{C213C38A-5773-4EFE-B21D-AA3CA6D35329}"
EndProject
Project("{FAE04EC0-301F-11D3-BF4B-00C04F79EFBC}") = "CineApp.Core", "CineApp.Core\CineApp.Core.csproj", "{A26674BD-E17B-416D-BEF2-DF2882997F93}"
EndProject
Project("{FAE04EC0-301F-11D3-BF4B-00C04F79EFBC}") = "CineApp.WebAPI", "CineApp.WebAPI\CineApp.WebAPI.csproj", "{78365045-E029-43B7-846F-8EE3FCA75DBD}"
EndProject
Global
	GlobalSection(SolutionConfigurationPlatforms) = preSolution
		Debug|Any CPU = Debug|Any CPU
		Release|Any CPU = Release|Any CPU
	EndGlobalSection
	GlobalSection(ProjectConfigurationPlatforms) = postSolution
		{4EDADF82-E7B6-472F-8C27-96F97C4752ED}.Debug|Any CPU.ActiveCfg = Debug|Any CPU
		{4EDADF82-E7B6-472F-8C27-96F97C4752ED}.Debug|Any CPU.Build.0 = Debug|Any CPU
		{4EDADF82-E7B6-472F-8C27-96F97C4752ED}.Release|Any CPU.ActiveCfg = Release|Any CPU
		{4EDADF82-E7B6-472F-8C27-96F97C4752ED}.Release|Any CPU.Build.0 = Release|Any CPU
		{76EC574A-7FF6-4170-ACCF-7CA933B04D4E}.Debug|Any CPU.ActiveCfg = Debug|Any CPU
		{76EC574A-7FF6-4170-ACCF-7CA933B04D4E}.Debug|Any CPU.Build.0 = Debug|Any CPU
		{76EC574A-7FF6-4170-ACCF-7CA933B04D4E}.Release|Any CPU.ActiveCfg = Release|Any CPU
		{76EC574A-7FF6-4170-ACCF-7CA933B04D4E}.Release|Any CPU.Build.0 = Release|Any CPU
		{C213C38A-5773-4EFE-B21D-AA3CA6D35329}.Debug|Any CPU.ActiveCfg = Debug|Any CPU
		{C213C38A-5773-4EFE-B21D-AA3CA6D35329}.Debug|Any CPU.Build.0 = Debug|Any CPU
		{C213C38A-5773-4EFE-B21D-AA3CA6D35329}.Release|Any CPU.ActiveCfg = Release|Any CPU
		{C213C38A-5773-4EFE-B21D-AA3CA6D35329}.Release|Any CPU.Build.0 = Release|Any CPU
		{A26674BD-E17B-416D-BEF2-DF2882997F93}.Debug|Any CPU.ActiveCfg = Debug|Any CPU
		{A26674BD-E17B-416D-BEF2-DF2882997F93}.Debug|Any CPU.Build.0 = Debug|Any CPU
		{A26674BD-E17B-416D-BEF2-DF2882997F93}.Release|Any CPU.ActiveCfg = Release|Any CPU
		{A26674BD-E17B-416D-BEF2-DF2882997F93}.Release|Any CPU.Build.0 = Release|Any CPU
		{78365045-E029-43B7-846F-8EE3FCA75DBD}.Debug|Any CPU.ActiveCfg = Debug|Any CPU
		{78365045-E029-43B7-846F-8EE3FCA75DBD}.Debug|Any CPU.Build.0 = Debug|Any CPU
		{78365045-E029-43B7-846F-8EE3FCA75DBD}.Release|Any CPU.ActiveCfg = Release|Any CPU
		{78365045-E029-43B7-846F-8EE3FCA75DBD}.Release|Any CPU.Build.0 = Release|Any CPU
	EndGlobalSection
	GlobalSection(SolutionProperties) = preSolution
		HideSolutionNode = FALSE
	EndGlobalSection
	GlobalSection(ExtensibilityGlobals) = postSolution
		SolutionGuid = {A40C2995-9E25-4F6E-BC61-5DBC3FDFF1E0}
	EndGlobalSection
EndGlobal
